// !$*UTF8*$!
{
	archiveVersion = 1;
	classes = {
	};
	objectVersion = 50;
	objects = {

/* Begin PBXBuildFile section */
		9512D07B2333DB2800C09F10 /* AppDelegate.swift in Sources */ = {isa = PBXBuildFile; fileRef = 9512D07A2333DB2800C09F10 /* AppDelegate.swift */; };
		9512D07D2333DB2800C09F10 /* RootViewController.swift in Sources */ = {isa = PBXBuildFile; fileRef = 9512D07C2333DB2800C09F10 /* RootViewController.swift */; };
		9512D07F2333DB2800C09F10 /* DataViewController.swift in Sources */ = {isa = PBXBuildFile; fileRef = 9512D07E2333DB2800C09F10 /* DataViewController.swift */; };
		9512D0812333DB2800C09F10 /* ModelController.swift in Sources */ = {isa = PBXBuildFile; fileRef = 9512D0802333DB2800C09F10 /* ModelController.swift */; };
		9512D0842333DB2800C09F10 /* Main.storyboard in Resources */ = {isa = PBXBuildFile; fileRef = 9512D0822333DB2800C09F10 /* Main.storyboard */; };
		9512D0862333DB2C00C09F10 /* Assets.xcassets in Resources */ = {isa = PBXBuildFile; fileRef = 9512D0852333DB2C00C09F10 /* Assets.xcassets */; };
		9512D0892333DB2C00C09F10 /* LaunchScreen.storyboard in Resources */ = {isa = PBXBuildFile; fileRef = 9512D0872333DB2C00C09F10 /* LaunchScreen.storyboard */; };
		DE3A83FD238FF1FCC4982BE0 /* Pods_Checklist.framework in Frameworks */ = {isa = PBXBuildFile; fileRef = 3613247956F1032A916DBAE9 /* Pods_Checklist.framework */; };
/* End PBXBuildFile section */

/* Begin PBXFileReference section */
		3613247956F1032A916DBAE9 /* Pods_Checklist.framework */ = {isa = PBXFileReference; explicitFileType = wrapper.framework; includeInIndex = 0; path = Pods_Checklist.framework; sourceTree = BUILT_PRODUCTS_DIR; };
		5A1C2EBDF4CB6176AEDBE9C4 /* Pods-Checklist.release.xcconfig */ = {isa = PBXFileReference; includeInIndex = 1; lastKnownFileType = text.xcconfig; name = "Pods-Checklist.release.xcconfig"; path = "Target Support Files/Pods-Checklist/Pods-Checklist.release.xcconfig"; sourceTree = "<group>"; };
		9512D0772333DB2800C09F10 /* Checklist.app */ = {isa = PBXFileReference; explicitFileType = wrapper.application; includeInIndex = 0; path = Checklist.app; sourceTree = BUILT_PRODUCTS_DIR; };
		9512D07A2333DB2800C09F10 /* AppDelegate.swift */ = {isa = PBXFileReference; lastKnownFileType = sourcecode.swift; path = AppDelegate.swift; sourceTree = "<group>"; };
		9512D07C2333DB2800C09F10 /* RootViewController.swift */ = {isa = PBXFileReference; lastKnownFileType = sourcecode.swift; path = RootViewController.swift; sourceTree = "<group>"; };
		9512D07E2333DB2800C09F10 /* DataViewController.swift */ = {isa = PBXFileReference; lastKnownFileType = sourcecode.swift; path = DataViewController.swift; sourceTree = "<group>"; };
		9512D0802333DB2800C09F10 /* ModelController.swift */ = {isa = PBXFileReference; lastKnownFileType = sourcecode.swift; path = ModelController.swift; sourceTree = "<group>"; };
		9512D0832333DB2800C09F10 /* Base */ = {isa = PBXFileReference; lastKnownFileType = file.storyboard; name = Base; path = Base.lproj/Main.storyboard; sourceTree = "<group>"; };
		9512D0852333DB2C00C09F10 /* Assets.xcassets */ = {isa = PBXFileReference; lastKnownFileType = folder.assetcatalog; path = Assets.xcassets; sourceTree = "<group>"; };
		9512D0882333DB2C00C09F10 /* Base */ = {isa = PBXFileReference; lastKnownFileType = file.storyboard; name = Base; path = Base.lproj/LaunchScreen.storyboard; sourceTree = "<group>"; };
		9512D08A2333DB2C00C09F10 /* Info.plist */ = {isa = PBXFileReference; lastKnownFileType = text.plist.xml; path = Info.plist; sourceTree = "<group>"; };
		B518B81BC68D2148E03FA0AF /* Pods-Checklist.debug.xcconfig */ = {isa = PBXFileReference; includeInIndex = 1; lastKnownFileType = text.xcconfig; name = "Pods-Checklist.debug.xcconfig"; path = "Target Support Files/Pods-Checklist/Pods-Checklist.debug.xcconfig"; sourceTree = "<group>"; };
/* End PBXFileReference section */

/* Begin PBXFrameworksBuildPhase section */
		9512D0742333DB2800C09F10 /* Frameworks */ = {
			isa = PBXFrameworksBuildPhase;
			buildActionMask = 2147483647;
			files = (
				DE3A83FD238FF1FCC4982BE0 /* Pods_Checklist.framework in Frameworks */,
			);
			runOnlyForDeploymentPostprocessing = 0;
		};
/* End PBXFrameworksBuildPhase section */

/* Begin PBXGroup section */
		9512D06E2333DB2800C09F10 = {
			isa = PBXGroup;
			children = (
				9512D0792333DB2800C09F10 /* Checklist */,
				9512D0782333DB2800C09F10 /* Products */,
				993B8795D83925BD5B48FE46 /* Pods */,
				A2641C2D199B387CA99F591E /* Frameworks */,
			);
			sourceTree = "<group>";
		};
		9512D0782333DB2800C09F10 /* Products */ = {
			isa = PBXGroup;
			children = (
				9512D0772333DB2800C09F10 /* Checklist.app */,
			);
			name = Products;
			sourceTree = "<group>";
		};
		9512D0792333DB2800C09F10 /* Checklist */ = {
			isa = PBXGroup;
			children = (
				9512D07A2333DB2800C09F10 /* AppDelegate.swift */,
				9512D07C2333DB2800C09F10 /* RootViewController.swift */,
				9512D07E2333DB2800C09F10 /* DataViewController.swift */,
				9512D0802333DB2800C09F10 /* ModelController.swift */,
				9512D0822333DB2800C09F10 /* Main.storyboard */,
				9512D0852333DB2C00C09F10 /* Assets.xcassets */,
				9512D0872333DB2C00C09F10 /* LaunchScreen.storyboard */,
				9512D08A2333DB2C00C09F10 /* Info.plist */,
			);
			path = Checklist;
			sourceTree = "<group>";
		};
		993B8795D83925BD5B48FE46 /* Pods */ = {
			isa = PBXGroup;
			children = (
				B518B81BC68D2148E03FA0AF /* Pods-Checklist.debug.xcconfig */,
				5A1C2EBDF4CB6176AEDBE9C4 /* Pods-Checklist.release.xcconfig */,
			);
			name = Pods;
			path = Pods;
			sourceTree = "<group>";
		};
		A2641C2D199B387CA99F591E /* Frameworks */ = {
			isa = PBXGroup;
			children = (
				3613247956F1032A916DBAE9 /* Pods_Checklist.framework */,
			);
			name = Frameworks;
			sourceTree = "<group>";
		};
/* End PBXGroup section */

/* Begin PBXNativeTarget section */
		9512D0762333DB2800C09F10 /* Checklist */ = {
			isa = PBXNativeTarget;
			buildConfigurationList = 9512D08D2333DB2C00C09F10 /* Build configuration list for PBXNativeTarget "Checklist" */;
			buildPhases = (
				8D09F95BB44BEA9E7D046C81 /* [CP] Check Pods Manifest.lock */,
				9512D0732333DB2800C09F10 /* Sources */,
				9512D0742333DB2800C09F10 /* Frameworks */,
				9512D0752333DB2800C09F10 /* Resources */,
				3DA46CA8FF17665F77DEC0D8 /* [CP] Embed Pods Frameworks */,
			);
			buildRules = (
			);
			dependencies = (
			);
			name = Checklist;
			productName = Checklist;
			productReference = 9512D0772333DB2800C09F10 /* Checklist.app */;
			productType = "com.apple.product-type.application";
		};
/* End PBXNativeTarget section */

/* Begin PBXProject section */
		9512D06F2333DB2800C09F10 /* Project object */ = {
			isa = PBXProject;
			attributes = {
				LastSwiftUpdateCheck = 1030;
				LastUpgradeCheck = 1030;
				ORGANIZATIONNAME = 123;
				TargetAttributes = {
					9512D0762333DB2800C09F10 = {
						CreatedOnToolsVersion = 10.3;
					};
				};
			};
			buildConfigurationList = 9512D0722333DB2800C09F10 /* Build configuration list for PBXProject "Checklist" */;
			compatibilityVersion = "Xcode 9.3";
			developmentRegion = en;
			hasScannedForEncodings = 0;
			knownRegions = (
				en,
				Base,
			);
			mainGroup = 9512D06E2333DB2800C09F10;
			productRefGroup = 9512D0782333DB2800C09F10 /* Products */;
			projectDirPath = "";
			projectRoot = "";
			targets = (
				9512D0762333DB2800C09F10 /* Checklist */,
			);
		};
/* End PBXProject section */

/* Begin PBXResourcesBuildPhase section */
		9512D0752333DB2800C09F10 /* Resources */ = {
			isa = PBXResourcesBuildPhase;
			buildActionMask = 2147483647;
			files = (
				9512D0892333DB2C00C09F10 /* LaunchScreen.storyboard in Resources */,
				9512D0862333DB2C00C09F10 /* Assets.xcassets in Resources */,
				9512D0842333DB2800C09F10 /* Main.storyboard in Resources */,
			);
			runOnlyForDeploymentPostprocessing = 0;
		};
/* End PBXResourcesBuildPhase section */

/* Begin PBXShellScriptBuildPhase section */
		3DA46CA8FF17665F77DEC0D8 /* [CP] Embed Pods Frameworks */ = {
			isa = PBXShellScriptBuildPhase;
			buildActionMask = 2147483647;
			files = (
			);
			inputFileListPaths = (
				"${PODS_ROOT}/Target Support Files/Pods-Checklist/Pods-Checklist-frameworks-${CONFIGURATION}-input-files.xcfilelist",
			);
			name = "[CP] Embed Pods Frameworks";
			outputFileListPaths = (
				"${PODS_ROOT}/Target Support Files/Pods-Checklist/Pods-Checklist-frameworks-${CONFIGURATION}-output-files.xcfilelist",
			);
			runOnlyForDeploymentPostprocessing = 0;
			shellPath = /bin/sh;
			shellScript = "\"${PODS_ROOT}/Target Support Files/Pods-Checklist/Pods-Checklist-frameworks.sh\"\n";
			showEnvVarsInLog = 0;
		};
		8D09F95BB44BEA9E7D046C81 /* [CP] Check Pods Manifest.lock */ = {
			isa = PBXShellScriptBuildPhase;
			buildActionMask = 2147483647;
			files = (
			);
			inputFileListPaths = (
			);
			inputPaths = (
				"${PODS_PODFILE_DIR_PATH}/Podfile.lock",
				"${PODS_ROOT}/Manifest.lock",
			);
			name = "[CP] Check Pods Manifest.lock";
			outputFileListPaths = (
			);
			outputPaths = (
				"$(DERIVED_FILE_DIR)/Pods-Checklist-checkManifestLockResult.txt",
			);
			runOnlyForDeploymentPostprocessing = 0;
			shellPath = /bin/sh;
			shellScript = "diff \"${PODS_PODFILE_DIR_PATH}/Podfile.lock\" \"${PODS_ROOT}/Manifest.lock\" > /dev/null\nif [ $? != 0 ] ; then\n    # print error to STDERR\n    echo \"error: The sandbox is not in sync with the Podfile.lock. Run 'pod install' or update your CocoaPods installation.\" >&2\n    exit 1\nfi\n# This output is used by Xcode 'outputs' to avoid re-running this script phase.\necho \"SUCCESS\" > \"${SCRIPT_OUTPUT_FILE_0}\"\n";
			showEnvVarsInLog = 0;
		};
/* End PBXShellScriptBuildPhase section */

/* Begin PBXSourcesBuildPhase section */
		9512D0732333DB2800C09F10 /* Sources */ = {
			isa = PBXSourcesBuildPhase;
			buildActionMask = 2147483647;
			files = (
				9512D07D2333DB2800C09F10 /* RootViewController.swift in Sources */,
				9512D0812333DB2800C09F10 /* ModelController.swift in Sources */,
				9512D07F2333DB2800C09F10 /* DataViewController.swift in Sources */,
				9512D07B2333DB2800C09F10 /* AppDelegate.swift in Sources */,
			);
			runOnlyForDeploymentPostprocessing = 0;
		};
/* End PBXSourcesBuildPhase section */

/* Begin PBXVariantGroup section */
		9512D0822333DB2800C09F10 /* Main.storyboard */ = {
			isa = PBXVariantGroup;
			children = (
				9512D0832333DB2800C09F10 /* Base */,
			);
			name = Main.storyboard;
			sourceTree = "<group>";
		};
		9512D0872333DB2C00C09F10 /* LaunchScreen.storyboard */ = {
			isa = PBXVariantGroup;
			children = (
				9512D0882333DB2C00C09F10 /* Base */,
			);
			name = LaunchScreen.storyboard;
			sourceTree = "<group>";
		};
/* End PBXVariantGroup section */

/* Begin XCBuildConfiguration section */
		9512D08B2333DB2C00C09F10 /* Debug */ = {
			isa = XCBuildConfiguration;
			buildSettings = {
				ALWAYS_SEARCH_USER_PATHS = NO;
				CLANG_ANALYZER_NONNULL = YES;
				CLANG_ANALYZER_NUMBER_OBJECT_CONVERSION = YES_AGGRESSIVE;
				CLANG_CXX_LANGUAGE_STANDARD = "gnu++14";
				CLANG_CXX_LIBRARY = "libc++";
				CLANG_ENABLE_MODULES = YES;
				CLANG_ENABLE_OBJC_ARC = YES;
				CLANG_ENABLE_OBJC_WEAK = YES;
				CLANG_WARN_BLOCK_CAPTURE_AUTORELEASING = YES;
				CLANG_WARN_BOOL_CONVERSION = YES;
				CLANG_WARN_COMMA = YES;
				CLANG_WARN_CONSTANT_CONVERSION = YES;
				CLANG_WARN_DEPRECATED_OBJC_IMPLEMENTATIONS = YES;
				CLANG_WARN_DIRECT_OBJC_ISA_USAGE = YES_ERROR;
				CLANG_WARN_DOCUMENTATION_COMMENTS = YES;
				CLANG_WARN_EMPTY_BODY = YES;
				CLANG_WARN_ENUM_CONVERSION = YES;
				CLANG_WARN_INFINITE_RECURSION = YES;
				CLANG_WARN_INT_CONVERSION = YES;
				CLANG_WARN_NON_LITERAL_NULL_CONVERSION = YES;
				CLANG_WARN_OBJC_IMPLICIT_RETAIN_SELF = YES;
				CLANG_WARN_OBJC_LITERAL_CONVERSION = YES;
				CLANG_WARN_OBJC_ROOT_CLASS = YES_ERROR;
				CLANG_WARN_RANGE_LOOP_ANALYSIS = YES;
				CLANG_WARN_STRICT_PROTOTYPES = YES;
				CLANG_WARN_SUSPICIOUS_MOVE = YES;
				CLANG_WARN_UNGUARDED_AVAILABILITY = YES_AGGRESSIVE;
				CLANG_WARN_UNREACHABLE_CODE = YES;
				CLANG_WARN__DUPLICATE_METHOD_MATCH = YES;
				CODE_SIGN_IDENTITY = "iPhone Developer";
				COPY_PHASE_STRIP = NO;
				DEBUG_INFORMATION_FORMAT = dwarf;
				ENABLE_STRICT_OBJC_MSGSEND = YES;
				ENABLE_TESTABILITY = YES;
				GCC_C_LANGUAGE_STANDARD = gnu11;
				GCC_DYNAMIC_NO_PIC = NO;
				GCC_NO_COMMON_BLOCKS = YES;
				GCC_OPTIMIZATION_LEVEL = 0;
				GCC_PREPROCESSOR_DEFINITIONS = (
					"DEBUG=1",
					"$(inherited)",
				);
				GCC_WARN_64_TO_32_BIT_CONVERSION = YES;
				GCC_WARN_ABOUT_RETURN_TYPE = YES_ERROR;
				GCC_WARN_UNDECLARED_SELECTOR = YES;
				GCC_WARN_UNINITIALIZED_AUTOS = YES_AGGRESSIVE;
				GCC_WARN_UNUSED_FUNCTION = YES;
				GCC_WARN_UNUSED_VARIABLE = YES;
				IPHONEOS_DEPLOYMENT_TARGET = 12.4;
				MTL_ENABLE_DEBUG_INFO = INCLUDE_SOURCE;
				MTL_FAST_MATH = YES;
				ONLY_ACTIVE_ARCH = YES;
				SDKROOT = iphoneos;
				SWIFT_ACTIVE_COMPILATION_CONDITIONS = DEBUG;
				SWIFT_OPTIMIZATION_LEVEL = "-Onone";
			};
			name = Debug;
		};
		9512D08C2333DB2C00C09F10 /* Release */ = {
			isa = XCBuildConfiguration;
			buildSettings = {
				ALWAYS_SEARCH_USER_PATHS = NO;
				CLANG_ANALYZER_NONNULL = YES;
				CLANG_ANALYZER_NUMBER_OBJECT_CONVERSION = YES_AGGRESSIVE;
				CLANG_CXX_LANGUAGE_STANDARD = "gnu++14";
				CLANG_CXX_LIBRARY = "libc++";
				CLANG_ENABLE_MODULES = YES;
				CLANG_ENABLE_OBJC_ARC = YES;
				CLANG_ENABLE_OBJC_WEAK = YES;
				CLANG_WARN_BLOCK_CAPTURE_AUTORELEASING = YES;
				CLANG_WARN_BOOL_CONVERSION = YES;
				CLANG_WARN_COMMA = YES;
				CLANG_WARN_CONSTANT_CONVERSION = YES;
				CLANG_WARN_DEPRECATED_OBJC_IMPLEMENTATIONS = YES;
				CLANG_WARN_DIRECT_OBJC_ISA_USAGE = YES_ERROR;
				CLANG_WARN_DOCUMENTATION_COMMENTS = YES;
				CLANG_WARN_EMPTY_BODY = YES;
				CLANG_WARN_ENUM_CONVERSION = YES;
				CLANG_WARN_INFINITE_RECURSION = YES;
				CLANG_WARN_INT_CONVERSION = YES;
				CLANG_WARN_NON_LITERAL_NULL_CONVERSION = YES;
				CLANG_WARN_OBJC_IMPLICIT_RETAIN_SELF = YES;
				CLANG_WARN_OBJC_LITERAL_CONVERSION = YES;
				CLANG_WARN_OBJC_ROOT_CLASS = YES_ERROR;
				CLANG_WARN_RANGE_LOOP_ANALYSIS = YES;
				CLANG_WARN_STRICT_PROTOTYPES = YES;
				CLANG_WARN_SUSPICIOUS_MOVE = YES;
				CLANG_WARN_UNGUARDED_AVAILABILITY = YES_AGGRESSIVE;
				CLANG_WARN_UNREACHABLE_CODE = YES;
				CLANG_WARN__DUPLICATE_METHOD_MATCH = YES;
				CODE_SIGN_IDENTITY = "iPhone Developer";
				COPY_PHASE_STRIP = NO;
				DEBUG_INFORMATION_FORMAT = "dwarf-with-dsym";
				ENABLE_NS_ASSERTIONS = NO;
				ENABLE_STRICT_OBJC_MSGSEND = YES;
				GCC_C_LANGUAGE_STANDARD = gnu11;
				GCC_NO_COMMON_BLOCKS = YES;
				GCC_WARN_64_TO_32_BIT_CONVERSION = YES;
				GCC_WARN_ABOUT_RETURN_TYPE = YES_ERROR;
				GCC_WARN_UNDECLARED_SELECTOR = YES;
				GCC_WARN_UNINITIALIZED_AUTOS = YES_AGGRESSIVE;
				GCC_WARN_UNUSED_FUNCTION = YES;
				GCC_WARN_UNUSED_VARIABLE = YES;
				IPHONEOS_DEPLOYMENT_TARGET = 12.4;
				MTL_ENABLE_DEBUG_INFO = NO;
				MTL_FAST_MATH = YES;
				SDKROOT = iphoneos;
				SWIFT_COMPILATION_MODE = wholemodule;
				SWIFT_OPTIMIZATION_LEVEL = "-O";
				VALIDATE_PRODUCT = YES;
			};
			name = Release;
		};
		9512D08E2333DB2C00C09F10 /* Debug */ = {
			isa = XCBuildConfiguration;
			baseConfigurationReference = B518B81BC68D2148E03FA0AF /* Pods-Checklist.debug.xcconfig */;
			buildSettings = {
				ASSETCATALOG_COMPILER_APPICON_NAME = AppIcon;
				CODE_SIGN_STYLE = Automatic;
				INFOPLIST_FILE = Checklist/Info.plist;
				LD_RUNPATH_SEARCH_PATHS = (
					"$(inherited)",
					"@executable_path/Frameworks",
				);
				PRODUCT_BUNDLE_IDENTIFIER = com.google.Checklist;
				PRODUCT_NAME = "$(TARGET_NAME)";
				SWIFT_VERSION = 5.0;
				TARGETED_DEVICE_FAMILY = "1,2";
			};
			name = Debug;
		};
		9512D08F2333DB2C00C09F10 /* Release */ = {
			isa = XCBuildConfiguration;
			baseConfigurationReference = 5A1C2EBDF4CB6176AEDBE9C4 /* Pods-Checklist.release.xcconfig */;
			buildSettings = {
				ASSETCATALOG_COMPILER_APPICON_NAME = AppIcon;
				CODE_SIGN_STYLE = Automatic;
				INFOPLIST_FILE = Checklist/Info.plist;
				LD_RUNPATH_SEARCH_PATHS = (
					"$(inherited)",
					"@executable_path/Frameworks",
				);
				PRODUCT_BUNDLE_IDENTIFIER = com.google.Checklist;
				PRODUCT_NAME = "$(TARGET_NAME)";
				SWIFT_VERSION = 5.0;
				TARGETED_DEVICE_FAMILY = "1,2";
			};
			name = Release;
		};
/* End XCBuildConfiguration section */

/* Begin XCConfigurationList section */
		9512D0722333DB2800C09F10 /* Build configuration list for PBXProject "Checklist" */ = {
			isa = XCConfigurationList;
			buildConfigurations = (
				9512D08B2333DB2C00C09F10 /* Debug */,
				9512D08C2333DB2C00C09F10 /* Release */,
			);
			defaultConfigurationIsVisible = 0;
			defaultConfigurationName = Release;
		};
		9512D08D2333DB2C00C09F10 /* Build configuration list for PBXNativeTarget "Checklist" */ = {
			isa = XCConfigurationList;
			buildConfigurations = (
				9512D08E2333DB2C00C09F10 /* Debug */,
				9512D08F2333DB2C00C09F10 /* Release */,
			);
			defaultConfigurationIsVisible = 0;
			defaultConfigurationName = Release;
		};
/* End XCConfigurationList section */
	};
	rootObject = 9512D06F2333DB2800C09F10 /* Project object */;
}
